#MicroXplorer Configuration settings - do not modify
Mcu.Family=STM32L0
ProjectManager.MainLocation=Core/Src
PA6.Mode=Full_Duplex_Master
RCC.USART1Freq_Value=2097000
ProjectManager.KeepUserCode=true
Mcu.UserName=STM32L073VZTx
SPI1.VirtualType=VM_MASTER
PC12.Locked=true
PC10.Locked=true
RCC.PLLCLKFreq_Value=24000000
PC10.Signal=USART4_TX
PC12.Signal=GPIO_Input
ProjectManager.functionlistsort=1-SystemClock_Config-RCC-false-HAL-false
PA9.GPIOParameters=GPIO_Label
PC6.GPIO_Label=LED
RCC.RTCFreq_Value=37000
PB6.GPIO_Label=PYRO_2
RCC.USART2Freq_Value=2097000
PD2.Locked=true
PD2.GPIOParameters=GPIO_Label
NVIC.SVC_IRQn=true\:0\:0\:false\:false\:true\:false\:false
USART1.IPParameters=VirtualMode-Asynchronous
PC1.Locked=true
RCC.48CLKFreq_Value=24000000
PinOutPanel.RotationAngle=0
ProjectManager.StackSize=0x400
PB5.GPIOParameters=GPIO_Label
RCC.I2C3Freq_Value=2097000
Mcu.IP4=SPI1
Mcu.IP5=SYS
Mcu.IP2=NVIC
Mcu.IP3=RCC
Mcu.IP0=ADC
Mcu.IP1=I2C3
Mcu.UserConstants=
Mcu.ThirdPartyNb=0
SPI1.Direction=SPI_DIRECTION_2LINES
Mcu.IPNb=10
ProjectManager.PreviousToolchain=
RCC.APB2TimFreq_Value=2097000
PB6.Signal=GPIO_Output
SPI1.CalculateBaudRate=1.0485 MBits/s
Mcu.Pin6=PA6
Mcu.Pin7=PA7
Mcu.Pin8=PC6
VP_TIM3_VS_ControllerModeClock.Mode=Clock Mode
Mcu.Pin9=PA9
RCC.AHBFreq_Value=2097000
Mcu.Pin0=PC0
Mcu.Pin1=PC1
Mcu.Pin2=PC2
Mcu.Pin3=PA1
Mcu.Pin4=PA4
Mcu.Pin5=PA5
ProjectManager.ProjectBuild=false
RCC.HSE_VALUE=8000000
PA4.Locked=true
NVIC.SysTick_IRQn=true\:0\:0\:false\:false\:true\:false\:true
ProjectManager.FirmwarePackage=STM32Cube FW_L0 V1.12.1
USART4.IPParameters=VirtualMode-Asynchronous
MxDb.Version=DB.6.0.21
PA1.GPIOParameters=GPIO_Label
ProjectManager.BackupPrevious=false
PA14.Mode=Serial_Wire
File.Version=6
PA10.GPIO_Label=EXT_RX
PB7.Signal=GPIO_Output
PB6.Locked=true
NVIC.PendSV_IRQn=true\:0\:0\:false\:false\:true\:false\:false
SH.S_TIM3_CH1.0=TIM3_CH1,PWM Generation1 CH1
PB6.GPIOParameters=GPIO_Label
ProjectManager.HalAssertFull=false
ProjectManager.ProjectName=flite_controller
PB7.GPIO_Label=PYRO_1
VP_TIM3_VS_ControllerModeClock.Signal=TIM3_VS_ControllerModeClock
Mcu.Package=LQFP100
PA6.Signal=SPI1_MISO
PA5.Locked=true
PA7.Locked=true
ProjectManager.ToolChainLocation=
RCC.LSI_VALUE=37000
VP_SYS_VS_Systick.Signal=SYS_VS_Systick
PA10.Signal=USART1_RX
PC11.Mode=Asynchronous
PB5.GPIO_Label=PYRO_3
RCC.APB1TimFreq_Value=2097000
PA4.GPIO_Label=FLASH_CS
ProjectManager.CustomerFirmwarePackage=
RCC.HSI48_VALUE=48000000
RCC.LPTIMFreq_Value=2097000
PA5.Mode=Full_Duplex_Master
RCC.TIMFreq_Value=2097000
RCC.MSI_VALUE=2097000
ProjectManager.ProjectFileName=flite_controller.ioc
PA7.Mode=Full_Duplex_Master
Mcu.PinsNb=23
PA10.Mode=Asynchronous
ProjectManager.NoMain=false
PC11.Locked=true
SPI1.IPParameters=VirtualType,Mode,Direction,CalculateBaudRate
RCC.LPUARTFreq_Value=2097000
PC11.Signal=USART4_RX
PA9.GPIO_Label=EXT_TX
PC2.Signal=ADC_IN12
PC6.Signal=S_TIM3_CH1
PC10.Mode=Asynchronous
ProjectManager.DefaultFWLocation=true
PC2.Mode=IN12
ProjectManager.DeletePrevious=true
PC0.Signal=I2C3_SCL
RCC.FamilyName=M
PC0.Mode=I2C
VP_TIM2_VS_ControllerModeClock.Signal=TIM2_VS_ControllerModeClock
RCC.WatchDogFreq_Value=37000
PC12.GPIOParameters=GPIO_Label
USART1.VirtualMode-Asynchronous=VM_ASYNC
PA13.Signal=SYS_SWDIO
RCC.HSI16_VALUE=16000000
SH.S_TIM2_CH2.0=TIM2_CH2,PWM Generation2 CH2
PA9.Mode=Asynchronous
ProjectManager.TargetToolchain=STM32CubeIDE
VP_TIM2_VS_ControllerModeClock.Mode=Clock Mode
PB7.GPIOParameters=GPIO_Label
PC6.Locked=true
PA9.Signal=USART1_TX
SH.S_TIM2_CH2.ConfNb=1
PB5.Locked=true
PC2.Locked=true
ProjectManager.RegisterCallBack=
RCC.LSE_VALUE=32768
PA1.Signal=S_TIM2_CH2
PA5.Signal=SPI1_SCK
USART4.VirtualMode-Asynchronous=VM_ASYNC
board=custom
RCC.VCOOutputFreq_Value=48000000
ProjectManager.LastFirmware=true
RCC.APB2Freq_Value=2097000
MxCube.Version=6.2.1
RCC.I2C1Freq_Value=2097000
SPI1.Mode=SPI_MODE_MASTER
RCC.LCDFreq_Value=37000
PA10.GPIOParameters=GPIO_Label
PA1.GPIO_Label=BUZZER
VP_SYS_VS_Systick.Mode=SysTick
PA9.Locked=true
NVIC.NonMaskableInt_IRQn=true\:0\:0\:false\:false\:true\:false\:false
PA4.GPIOParameters=GPIO_Label
PA13.Mode=Serial_Wire
ProjectManager.FreePins=false
RCC.IPParameters=48CLKFreq_Value,AHBFreq_Value,APB1Freq_Value,APB1TimFreq_Value,APB2Freq_Value,APB2TimFreq_Value,FamilyName,HSE_VALUE,HSI16_VALUE,HSI48_VALUE,HSI_VALUE,I2C1Freq_Value,I2C3Freq_Value,LCDFreq_Value,LPTIMFreq_Value,LPUARTFreq_Value,LSE_VALUE,LSI_VALUE,MSI_VALUE,PLLCLKFreq_Value,PWRFreq_Value,RTCFreq_Value,RTCHSEDivFreq_Value,SYSCLKFreq_VALUE,TIMFreq_Value,USART1Freq_Value,USART2Freq_Value,VCOOutputFreq_Value,WatchDogFreq_Value
ProjectManager.AskForMigrate=true
Mcu.Name=STM32L073V(B-Z)Tx
RCC.RTCHSEDivFreq_Value=4000000
ProjectManager.UnderRoot=true
Mcu.IP8=USART1
Mcu.IP9=USART4
Mcu.IP6=TIM2
Mcu.IP7=TIM3
ProjectManager.CoupleFile=false
PA4.Signal=GPIO_Output
RCC.SYSCLKFreq_VALUE=2097000
PB5.Signal=GPIO_Input
Mcu.Pin22=VP_TIM3_VS_ControllerModeClock
PA1.Locked=true
Mcu.Pin20=VP_SYS_VS_Systick
Mcu.Pin21=VP_TIM2_VS_ControllerModeClock
PA10.Locked=true
NVIC.ForceEnableDMAVector=true
KeepUserPlacement=false
PA13.Locked=true
PC12.GPIO_Label=EXT_MISC
ProjectManager.CompilerOptimize=6
PA14.Signal=SYS_SWCLK
ProjectManager.HeapSize=0x200
Mcu.Pin15=PC12
NVIC.HardFault_IRQn=true\:0\:0\:false\:false\:true\:false\:false
Mcu.Pin16=PD2
Mcu.Pin13=PC10
PC6.GPIOParameters=GPIO_Label
Mcu.Pin14=PC11
Mcu.Pin19=PB7
SH.S_TIM3_CH1.ConfNb=1
ProjectManager.ComputerToolchain=false
Mcu.Pin17=PB5
RCC.HSI_VALUE=16000000
Mcu.Pin18=PB6
Mcu.Pin11=PA13
Mcu.Pin12=PA14
Mcu.Pin10=PA10
PB7.Locked=true
RCC.PWRFreq_Value=2097000
PD2.Signal=GPIO_Output
RCC.APB1Freq_Value=2097000
PC0.Locked=true
ProjectManager.DeviceId=STM32L073VZTx
PC1.Signal=I2C3_SDA
PD2.GPIO_Label=PYRO_4
ProjectManager.LibraryCopy=1
PC1.Mode=I2C
PA7.Signal=SPI1_MOSI
PA6.Locked=true
isbadioc=false
